
Microsoft Visual Studio Solution File, Format Version 12.00
# Visual Studio Version 17
VisualStudioVersion = 17.3.32901.215
MinimumVisualStudioVersion = 10.0.40219.1
Project("{FAE04EC0-301F-11D3-BF4B-00C04F79EFBC}") = "BikeShop", "BikeShop\BikeShop.csproj", "{4C6F8DCD-F7F9-4374-ADFA-2FAFEDE95F79}"
EndProject
Global
	GlobalSection(SolutionConfigurationPlatforms) = preSolution
		Debug|Any CPU = Debug|Any CPU
		Release|Any CPU = Release|Any CPU
	EndGlobalSection
	GlobalSection(ProjectConfigurationPlatforms) = postSolution
		{4C6F8DCD-F7F9-4374-ADFA-2FAFEDE95F79}.Debug|Any CPU.ActiveCfg = Debug|Any CPU
		{4C6F8DCD-F7F9-4374-ADFA-2FAFEDE95F79}.Debug|Any CPU.Build.0 = Debug|Any CPU
		{4C6F8DCD-F7F9-4374-ADFA-2FAFEDE95F79}.Release|Any CPU.ActiveCfg = Release|Any CPU
		{4C6F8DCD-F7F9-4374-ADFA-2FAFEDE95F79}.Release|Any CPU.Build.0 = Release|Any CPU
	EndGlobalSection
	GlobalSection(SolutionProperties) = preSolution
		HideSolutionNode = FALSE
	EndGlobalSection
	GlobalSection(ExtensibilityGlobals) = postSolution
		SolutionGuid = {9ED08692-7E8A-4A36-85EE-D999B7B6F726}
	EndGlobalSection
EndGlobal
